
Microsoft Visual Studio Solution File, Format Version 12.00
# Visual Studio Version 16
VisualStudioVersion = 16.0.32510.428
MinimumVisualStudioVersion = 10.0.40219.1
Project("{9A19103F-16F7-4668-BE54-9A1E7A4F7556}") = "JEAU1H_HFT_2021222.Client", "JEAU1H_HFT_2021222.Client\JEAU1H_HFT_2021222.Client.csproj", "{4CDF60E4-E7D9-46A6-AD61-FBF48DE1A6B8}"
	ProjectSection(ProjectDependencies) = postProject
		{CC46D210-1652-4BA6-9F9A-E97ED08731C0} = {CC46D210-1652-4BA6-9F9A-E97ED08731C0}
		{A73C62F5-77B5-4B19-AD68-9DD4E35F33E1} = {A73C62F5-77B5-4B19-AD68-9DD4E35F33E1}
	EndProjectSection
EndProject
Project("{9A19103F-16F7-4668-BE54-9A1E7A4F7556}") = "JEAU1H_HFT_2021222.Models", "JEAU1H_HFT_2021222.Models\JEAU1H_HFT_2021222.Models.csproj", "{E5FFD770-AEA0-48F2-90EE-592B1248E675}"
EndProject
Project("{9A19103F-16F7-4668-BE54-9A1E7A4F7556}") = "JEAU1H_HFT_2021222.Repository", "JEAU1H_HFT_2021222.Repository\JEAU1H_HFT_2021222.Repository.csproj", "{CC46D210-1652-4BA6-9F9A-E97ED08731C0}"
EndProject
Project("{9A19103F-16F7-4668-BE54-9A1E7A4F7556}") = "JEAU1H_HFT_2021222.Logic", "JEAU1H_HFT_2021222.Logic\JEAU1H_HFT_2021222.Logic.csproj", "{A73C62F5-77B5-4B19-AD68-9DD4E35F33E1}"
EndProject
Project("{9A19103F-16F7-4668-BE54-9A1E7A4F7556}") = "JEAU1H_HFT_2021222.Test", "JEAU1H_HFT_2021222.Test\JEAU1H_HFT_2021222.Test.csproj", "{3F2E7629-EA59-41EA-9A48-4AC3945D1A44}"
	ProjectSection(ProjectDependencies) = postProject
		{CC46D210-1652-4BA6-9F9A-E97ED08731C0} = {CC46D210-1652-4BA6-9F9A-E97ED08731C0}
		{E5FFD770-AEA0-48F2-90EE-592B1248E675} = {E5FFD770-AEA0-48F2-90EE-592B1248E675}
		{A73C62F5-77B5-4B19-AD68-9DD4E35F33E1} = {A73C62F5-77B5-4B19-AD68-9DD4E35F33E1}
	EndProjectSection
EndProject
Project("{2150E333-8FDC-42A3-9474-1A3956D46DE8}") = "Backend", "Backend", "{3F7A59CC-580F-45F6-B371-4FAE064B6767}"
EndProject
Project("{2150E333-8FDC-42A3-9474-1A3956D46DE8}") = "Frontend", "Frontend", "{712C8E0F-C84D-4110-8924-EE705E51624B}"
EndProject
Project("{2150E333-8FDC-42A3-9474-1A3956D46DE8}") = "Shared", "Shared", "{BF17D7A5-62B6-4CC1-ACA5-31BBD2AA7E3C}"
EndProject
Project("{FAE04EC0-301F-11D3-BF4B-00C04F79EFBC}") = "JEAU1H_HFT_2021222.Endpoint", "JEAU1H_HFT_2021222.Endpoint\JEAU1H_HFT_2021222.Endpoint.csproj", "{DCE48C57-C93C-48D9-B8EC-FD5352CBB245}"
EndProject
Global
	GlobalSection(SolutionConfigurationPlatforms) = preSolution
		Debug|Any CPU = Debug|Any CPU
		Release|Any CPU = Release|Any CPU
	EndGlobalSection
	GlobalSection(ProjectConfigurationPlatforms) = postSolution
		{4CDF60E4-E7D9-46A6-AD61-FBF48DE1A6B8}.Debug|Any CPU.ActiveCfg = Debug|Any CPU
		{4CDF60E4-E7D9-46A6-AD61-FBF48DE1A6B8}.Debug|Any CPU.Build.0 = Debug|Any CPU
		{4CDF60E4-E7D9-46A6-AD61-FBF48DE1A6B8}.Release|Any CPU.ActiveCfg = Release|Any CPU
		{4CDF60E4-E7D9-46A6-AD61-FBF48DE1A6B8}.Release|Any CPU.Build.0 = Release|Any CPU
		{E5FFD770-AEA0-48F2-90EE-592B1248E675}.Debug|Any CPU.ActiveCfg = Debug|Any CPU
		{E5FFD770-AEA0-48F2-90EE-592B1248E675}.Debug|Any CPU.Build.0 = Debug|Any CPU
		{E5FFD770-AEA0-48F2-90EE-592B1248E675}.Release|Any CPU.ActiveCfg = Release|Any CPU
		{E5FFD770-AEA0-48F2-90EE-592B1248E675}.Release|Any CPU.Build.0 = Release|Any CPU
		{CC46D210-1652-4BA6-9F9A-E97ED08731C0}.Debug|Any CPU.ActiveCfg = Debug|Any CPU
		{CC46D210-1652-4BA6-9F9A-E97ED08731C0}.Debug|Any CPU.Build.0 = Debug|Any CPU
		{CC46D210-1652-4BA6-9F9A-E97ED08731C0}.Release|Any CPU.ActiveCfg = Release|Any CPU
		{CC46D210-1652-4BA6-9F9A-E97ED08731C0}.Release|Any CPU.Build.0 = Release|Any CPU
		{A73C62F5-77B5-4B19-AD68-9DD4E35F33E1}.Debug|Any CPU.ActiveCfg = Debug|Any CPU
		{A73C62F5-77B5-4B19-AD68-9DD4E35F33E1}.Debug|Any CPU.Build.0 = Debug|Any CPU
		{A73C62F5-77B5-4B19-AD68-9DD4E35F33E1}.Release|Any CPU.ActiveCfg = Release|Any CPU
		{A73C62F5-77B5-4B19-AD68-9DD4E35F33E1}.Release|Any CPU.Build.0 = Release|Any CPU
		{3F2E7629-EA59-41EA-9A48-4AC3945D1A44}.Debug|Any CPU.ActiveCfg = Debug|Any CPU
		{3F2E7629-EA59-41EA-9A48-4AC3945D1A44}.Debug|Any CPU.Build.0 = Debug|Any CPU
		{3F2E7629-EA59-41EA-9A48-4AC3945D1A44}.Release|Any CPU.ActiveCfg = Release|Any CPU
		{3F2E7629-EA59-41EA-9A48-4AC3945D1A44}.Release|Any CPU.Build.0 = Release|Any CPU
		{DCE48C57-C93C-48D9-B8EC-FD5352CBB245}.Debug|Any CPU.ActiveCfg = Debug|Any CPU
		{DCE48C57-C93C-48D9-B8EC-FD5352CBB245}.Debug|Any CPU.Build.0 = Debug|Any CPU
		{DCE48C57-C93C-48D9-B8EC-FD5352CBB245}.Release|Any CPU.ActiveCfg = Release|Any CPU
		{DCE48C57-C93C-48D9-B8EC-FD5352CBB245}.Release|Any CPU.Build.0 = Release|Any CPU
	EndGlobalSection
	GlobalSection(SolutionProperties) = preSolution
		HideSolutionNode = FALSE
	EndGlobalSection
	GlobalSection(NestedProjects) = preSolution
		{4CDF60E4-E7D9-46A6-AD61-FBF48DE1A6B8} = {712C8E0F-C84D-4110-8924-EE705E51624B}
		{E5FFD770-AEA0-48F2-90EE-592B1248E675} = {BF17D7A5-62B6-4CC1-ACA5-31BBD2AA7E3C}
		{CC46D210-1652-4BA6-9F9A-E97ED08731C0} = {3F7A59CC-580F-45F6-B371-4FAE064B6767}
		{A73C62F5-77B5-4B19-AD68-9DD4E35F33E1} = {3F7A59CC-580F-45F6-B371-4FAE064B6767}
		{3F2E7629-EA59-41EA-9A48-4AC3945D1A44} = {3F7A59CC-580F-45F6-B371-4FAE064B6767}
		{DCE48C57-C93C-48D9-B8EC-FD5352CBB245} = {3F7A59CC-580F-45F6-B371-4FAE064B6767}
	EndGlobalSection
	GlobalSection(ExtensibilityGlobals) = postSolution
		SolutionGuid = {71D5922B-F021-4468-8BB9-8D073D801305}
	EndGlobalSection
EndGlobal
